
Microsoft Visual Studio Solution File, Format Version 12.00
# Visual Studio Version 17
VisualStudioVersion = 17.9.34616.47
MinimumVisualStudioVersion = 10.0.40219.1
Project("{FAE04EC0-301F-11D3-BF4B-00C04F79EFBC}") = "FirstHomework", "FirstHomework\FirstHomework.csproj", "{19497161-AF24-4090-A17B-241AEB2D71FF}"
EndProject
Global
	GlobalSection(SolutionConfigurationPlatforms) = preSolution
		Debug|Any CPU = Debug|Any CPU
		Release|Any CPU = Release|Any CPU
	EndGlobalSection
	GlobalSection(ProjectConfigurationPlatforms) = postSolution
		{19497161-AF24-4090-A17B-241AEB2D71FF}.Debug|Any CPU.ActiveCfg = Debug|Any CPU
		{19497161-AF24-4090-A17B-241AEB2D71FF}.Debug|Any CPU.Build.0 = Debug|Any CPU
		{19497161-AF24-4090-A17B-241AEB2D71FF}.Release|Any CPU.ActiveCfg = Release|Any CPU
		{19497161-AF24-4090-A17B-241AEB2D71FF}.Release|Any CPU.Build.0 = Release|Any CPU
	EndGlobalSection
	GlobalSection(SolutionProperties) = preSolution
		HideSolutionNode = FALSE
	EndGlobalSection
	GlobalSection(ExtensibilityGlobals) = postSolution
		SolutionGuid = {66DE2DAD-D745-4F15-B409-0CDC68D041D0}
	EndGlobalSection
EndGlobal
