
Microsoft Visual Studio Solution File, Format Version 12.00
# Visual Studio Version 17
VisualStudioVersion = 17.9.34616.47
MinimumVisualStudioVersion = 10.0.40219.1
Project("{FAE04EC0-301F-11D3-BF4B-00C04F79EFBC}") = "RealCalculator", "RealCalculator\RealCalculator.csproj", "{761076FA-948B-48A2-B488-6989D5EFCECE}"
EndProject
Global
	GlobalSection(SolutionConfigurationPlatforms) = preSolution
		Debug|Any CPU = Debug|Any CPU
		Release|Any CPU = Release|Any CPU
	EndGlobalSection
	GlobalSection(ProjectConfigurationPlatforms) = postSolution
		{761076FA-948B-48A2-B488-6989D5EFCECE}.Debug|Any CPU.ActiveCfg = Debug|Any CPU
		{761076FA-948B-48A2-B488-6989D5EFCECE}.Debug|Any CPU.Build.0 = Debug|Any CPU
		{761076FA-948B-48A2-B488-6989D5EFCECE}.Release|Any CPU.ActiveCfg = Release|Any CPU
		{761076FA-948B-48A2-B488-6989D5EFCECE}.Release|Any CPU.Build.0 = Release|Any CPU
	EndGlobalSection
	GlobalSection(SolutionProperties) = preSolution
		HideSolutionNode = FALSE
	EndGlobalSection
	GlobalSection(ExtensibilityGlobals) = postSolution
		SolutionGuid = {C3BC40A4-378A-4A54-B18B-F4FA8AEB1535}
	EndGlobalSection
EndGlobal
